
Microsoft Visual Studio Solution File, Format Version 12.00
# Visual Studio 15
VisualStudioVersion = 15.0.27130.2036
MinimumVisualStudioVersion = 10.0.40219.1
Project("{FAE04EC0-301F-11D3-BF4B-00C04F79EFBC}") = "Task4", "Task4\Task4.csproj", "{FD8DFE5F-E92B-4164-846A-80850D9CF9D6}"
EndProject
Global
	GlobalSection(SolutionConfigurationPlatforms) = preSolution
		Debug|Any CPU = Debug|Any CPU
		Release|Any CPU = Release|Any CPU
	EndGlobalSection
	GlobalSection(ProjectConfigurationPlatforms) = postSolution
		{FD8DFE5F-E92B-4164-846A-80850D9CF9D6}.Debug|Any CPU.ActiveCfg = Debug|Any CPU
		{FD8DFE5F-E92B-4164-846A-80850D9CF9D6}.Debug|Any CPU.Build.0 = Debug|Any CPU
		{FD8DFE5F-E92B-4164-846A-80850D9CF9D6}.Release|Any CPU.ActiveCfg = Release|Any CPU
		{FD8DFE5F-E92B-4164-846A-80850D9CF9D6}.Release|Any CPU.Build.0 = Release|Any CPU
	EndGlobalSection
	GlobalSection(SolutionProperties) = preSolution
		HideSolutionNode = FALSE
	EndGlobalSection
	GlobalSection(ExtensibilityGlobals) = postSolution
		SolutionGuid = {A970D1CA-151F-4400-B7BB-3CA54E84CB3B}
	EndGlobalSection
EndGlobal
