
Microsoft Visual Studio Solution File, Format Version 12.00
# Visual Studio 15
VisualStudioVersion = 15.0.27130.2036
MinimumVisualStudioVersion = 10.0.40219.1
Project("{FAE04EC0-301F-11D3-BF4B-00C04F79EFBC}") = "OOProjektLesson1", "OOProjektLesson1\OOProjektLesson1.csproj", "{98929563-C964-4EA5-9CF0-F64CDE7DE84F}"
EndProject
Global
	GlobalSection(SolutionConfigurationPlatforms) = preSolution
		Debug|Any CPU = Debug|Any CPU
		Release|Any CPU = Release|Any CPU
	EndGlobalSection
	GlobalSection(ProjectConfigurationPlatforms) = postSolution
		{98929563-C964-4EA5-9CF0-F64CDE7DE84F}.Debug|Any CPU.ActiveCfg = Debug|Any CPU
		{98929563-C964-4EA5-9CF0-F64CDE7DE84F}.Debug|Any CPU.Build.0 = Debug|Any CPU
		{98929563-C964-4EA5-9CF0-F64CDE7DE84F}.Release|Any CPU.ActiveCfg = Release|Any CPU
		{98929563-C964-4EA5-9CF0-F64CDE7DE84F}.Release|Any CPU.Build.0 = Release|Any CPU
	EndGlobalSection
	GlobalSection(SolutionProperties) = preSolution
		HideSolutionNode = FALSE
	EndGlobalSection
	GlobalSection(ExtensibilityGlobals) = postSolution
		SolutionGuid = {EC97B9FE-9721-485F-B264-847FC5ADF5E7}
	EndGlobalSection
EndGlobal
